lockfileVersion: '9.0'

settings:
  autoInstallPeers: true
  excludeLinksFromLockfile: false

importers:

  .:
    devDependencies:
      '@vue/runtime-dom':
        specifier: ^3.5.8
        version: 3.5.8

packages:

  '@vue/reactivity@3.5.8':
    resolution: {integrity: sha512-mlgUyFHLCUZcAYkqvzYnlBRCh0t5ZQfLYit7nukn1GR96gc48Bp4B7OIcSfVSvlG1k3BPfD+p22gi1t2n9tsXg==}

  '@vue/runtime-core@3.5.8':
    resolution: {integrity: sha512-fJuPelh64agZ8vKkZgp5iCkPaEqFJsYzxLk9vSC0X3G8ppknclNDr61gDc45yBGTaN5Xqc1qZWU3/NoaBMHcjQ==}

  '@vue/runtime-dom@3.5.8':
    resolution: {integrity: sha512-DpAUz+PKjTZPUOB6zJgkxVI3GuYc2iWZiNeeHQUw53kdrparSTG6HeXUrYDjaam8dVsCdvQxDz6ZWxnyjccUjQ==}

  '@vue/shared@3.5.8':
    resolution: {integrity: sha512-mJleSWbAGySd2RJdX1RBtcrUBX6snyOc0qHpgk3lGi4l9/P/3ny3ELqFWqYdkXIwwNN/kdm8nD9ky8o6l/Lx2A==}

  csstype@3.1.3:
    resolution: {integrity: sha512-M1uQkMl8rQK/szD0LNhtqxIPLpimGm8sOBwU7lLnCpSbTyY3yeU1Vc7l4KT5zT4s/yOxHH5O7tIuuLOCnLADRw==}

snapshots:

  '@vue/reactivity@3.5.8':
    dependencies:
      '@vue/shared': 3.5.8

  '@vue/runtime-core@3.5.8':
    dependencies:
      '@vue/reactivity': 3.5.8
      '@vue/shared': 3.5.8

  '@vue/runtime-dom@3.5.8':
    dependencies:
      '@vue/reactivity': 3.5.8
      '@vue/runtime-core': 3.5.8
      '@vue/shared': 3.5.8
      csstype: 3.1.3

  '@vue/shared@3.5.8': {}

  csstype@3.1.3: {}
